Microsoft Visual Studio Solution File, Format Version 12.00
# Visual Studio Version 16
VisualStudioVersion = 16.0.31729.503
MinimumVisualStudioVersion = 10.0.40219.1
Project("{8BC9CEB8-8B4A-11D0-8D11-00A0C91BC942}") = "dinput8", "dinput8\dinput8.vcxproj", "{82F3B6E8-3C3E-44B9-A2C3-A845C2277F1D}"
EndProject
Global
	GlobalSection(SolutionConfigurationPlatforms) = preSolution
		Debug|x64 = Debug|x64
		Release|x64 = Release|x64
	EndGlobalSection
	GlobalSection(ProjectConfigurationPlatforms) = postSolution
		{82F3B6E8-3C3E-44B9-A2C3-A845C2277F1D}.Debug|x64.ActiveCfg = Debug|x64
		{82F3B6E8-3C3E-44B9-A2C3-A845C2277F1D}.Debug|x64.Build.0 = Debug|x64
		{82F3B6E8-3C3E-44B9-A2C3-A845C2277F1D}.Release|x64.ActiveCfg = Release|x64
		{82F3B6E8-3C3E-44B9-A2C3-A845C2277F1D}.Release|x64.Build.0 = Release|x64
	EndGlobalSection
	GlobalSection(SolutionProperties) = preSolution
		HideSolutionNode = FALSE
	EndGlobalSection
	GlobalSection(ExtensibilityGlobals) = postSolution
		SolutionGuid = {A0F0D8E9-4E6E-4F3D-88B1-9B543D751C0C}
	EndGlobalSection
EndGlobal